
Microsoft Visual Studio Solution File, Format Version 12.00
# Visual Studio Version 17
VisualStudioVersion = 17.0.31903.59
MinimumVisualStudioVersion = 10.0.40219.1
Project("{FAE04EC0-301F-11D3-BF4B-00C04F79EFBC}") = "WebApp1", "WebApp1\WebApp1.csproj", "{6AA8A528-A900-411C-AC2D-5CFF4D95E6BC}"
EndProject
Project("{FAE04EC0-301F-11D3-BF4B-00C04F79EFBC}") = "weather", "weather\weather.csproj", "{FAA3FB73-C758-4B5F-AC4D-302ABB8352A8}"
EndProject
Global
	GlobalSection(SolutionConfigurationPlatforms) = preSolution
		Debug|Any CPU = Debug|Any CPU
		Release|Any CPU = Release|Any CPU
	EndGlobalSection
	GlobalSection(SolutionProperties) = preSolution
		HideSolutionNode = FALSE
	EndGlobalSection
	GlobalSection(ProjectConfigurationPlatforms) = postSolution
		{6AA8A528-A900-411C-AC2D-5CFF4D95E6BC}.Debug|Any CPU.ActiveCfg = Debug|Any CPU
		{6AA8A528-A900-411C-AC2D-5CFF4D95E6BC}.Debug|Any CPU.Build.0 = Debug|Any CPU
		{6AA8A528-A900-411C-AC2D-5CFF4D95E6BC}.Release|Any CPU.ActiveCfg = Release|Any CPU
		{6AA8A528-A900-411C-AC2D-5CFF4D95E6BC}.Release|Any CPU.Build.0 = Release|Any CPU
		{FAA3FB73-C758-4B5F-AC4D-302ABB8352A8}.Debug|Any CPU.ActiveCfg = Debug|Any CPU
		{FAA3FB73-C758-4B5F-AC4D-302ABB8352A8}.Debug|Any CPU.Build.0 = Debug|Any CPU
		{FAA3FB73-C758-4B5F-AC4D-302ABB8352A8}.Release|Any CPU.ActiveCfg = Release|Any CPU
		{FAA3FB73-C758-4B5F-AC4D-302ABB8352A8}.Release|Any CPU.Build.0 = Release|Any CPU
	EndGlobalSection
EndGlobal
