
Microsoft Visual Studio Solution File, Format Version 12.00
# Visual Studio Version 17
VisualStudioVersion = 17.2.32630.192
MinimumVisualStudioVersion = 10.0.40219.1
Project("{FAE04EC0-301F-11D3-BF4B-00C04F79EFBC}") = "TempFiles", "TempFiles\TempFiles.csproj", "{4FF2C389-9070-453A-B62B-A226CDC708FD}"
EndProject
Global
	GlobalSection(SolutionConfigurationPlatforms) = preSolution
		Debug|Any CPU = Debug|Any CPU
		Release|Any CPU = Release|Any CPU
	EndGlobalSection
	GlobalSection(ProjectConfigurationPlatforms) = postSolution
		{4FF2C389-9070-453A-B62B-A226CDC708FD}.Debug|Any CPU.ActiveCfg = Debug|Any CPU
		{4FF2C389-9070-453A-B62B-A226CDC708FD}.Debug|Any CPU.Build.0 = Debug|Any CPU
		{4FF2C389-9070-453A-B62B-A226CDC708FD}.Release|Any CPU.ActiveCfg = Release|Any CPU
		{4FF2C389-9070-453A-B62B-A226CDC708FD}.Release|Any CPU.Build.0 = Release|Any CPU
	EndGlobalSection
	GlobalSection(SolutionProperties) = preSolution
		HideSolutionNode = FALSE
	EndGlobalSection
	GlobalSection(ExtensibilityGlobals) = postSolution
		SolutionGuid = {2894E7C0-38B1-43BF-AF97-88869D07C5E5}
	EndGlobalSection
EndGlobal
