
Microsoft Visual Studio Solution File, Format Version 12.00
# Visual Studio Version 16
VisualStudioVersion = 16.0.30104.148
MinimumVisualStudioVersion = 10.0.40219.1
Project("{2150E333-8FDC-42A3-9474-1A3956D46DE8}") = "BypassAuthorization", "BypassAuthorization", "{7F7C0BEE-5AF8-49C0-9855-10BA99BC5A78}"
EndProject
Project("{9A19103F-16F7-4668-BE54-9A1E7A4F7556}") = "BypassAuthorization.WebApi", "BypassAuthorization.WebApi\BypassAuthorization.WebApi.csproj", "{D6847880-AF5A-4D50-8DC1-F4F3A3067AAA}"
EndProject
Project("{9A19103F-16F7-4668-BE54-9A1E7A4F7556}") = "BypassAuthorization.XUnitTest", "BypassAuthorization.XUnitTest\BypassAuthorization.XUnitTest.csproj", "{54CC3D8D-AA75-471E-8EA6-D5393F8986AA}"
EndProject
Project("{2150E333-8FDC-42A3-9474-1A3956D46DE8}") = "ImgConverter", "ImgConverter", "{36A61082-1A89-4492-BE74-528F755DAF4F}"
EndProject
Project("{FAE04EC0-301F-11D3-BF4B-00C04F79EFBC}") = "ImgConverter", "ImgConverter\ImgConverter.csproj", "{518AF9BB-FFA1-443B-AC2E-6732E9DE915A}"
EndProject
Project("{2150E333-8FDC-42A3-9474-1A3956D46DE8}") = "PdfInvoiceGenerator", "PdfInvoiceGenerator", "{FD437345-69A2-45DA-AF1B-7B8D87643A8C}"
	ProjectSection(SolutionItems) = preProject
		PdfGenerator\PdfGenerator.csproj = PdfGenerator\PdfGenerator.csproj
	EndProjectSection
EndProject
Project("{2150E333-8FDC-42A3-9474-1A3956D46DE8}") = "WcfService", "WcfService", "{10151A71-F97C-40C3-9443-491BC2B02093}"
EndProject
Project("{FAE04EC0-301F-11D3-BF4B-00C04F79EFBC}") = "WcfService", "WcfService\WcfService.csproj", "{2EB82741-A718-4373-AA2D-2414E5CFA05F}"
EndProject
Global
	GlobalSection(SolutionConfigurationPlatforms) = preSolution
		Debug|Any CPU = Debug|Any CPU
		Release|Any CPU = Release|Any CPU
	EndGlobalSection
	GlobalSection(ProjectConfigurationPlatforms) = postSolution
		{D6847880-AF5A-4D50-8DC1-F4F3A3067AAA}.Debug|Any CPU.ActiveCfg = Debug|Any CPU
		{D6847880-AF5A-4D50-8DC1-F4F3A3067AAA}.Debug|Any CPU.Build.0 = Debug|Any CPU
		{D6847880-AF5A-4D50-8DC1-F4F3A3067AAA}.Release|Any CPU.ActiveCfg = Release|Any CPU
		{D6847880-AF5A-4D50-8DC1-F4F3A3067AAA}.Release|Any CPU.Build.0 = Release|Any CPU
		{54CC3D8D-AA75-471E-8EA6-D5393F8986AA}.Debug|Any CPU.ActiveCfg = Debug|Any CPU
		{54CC3D8D-AA75-471E-8EA6-D5393F8986AA}.Debug|Any CPU.Build.0 = Debug|Any CPU
		{54CC3D8D-AA75-471E-8EA6-D5393F8986AA}.Release|Any CPU.ActiveCfg = Release|Any CPU
		{54CC3D8D-AA75-471E-8EA6-D5393F8986AA}.Release|Any CPU.Build.0 = Release|Any CPU
		{518AF9BB-FFA1-443B-AC2E-6732E9DE915A}.Debug|Any CPU.ActiveCfg = Debug|Any CPU
		{518AF9BB-FFA1-443B-AC2E-6732E9DE915A}.Debug|Any CPU.Build.0 = Debug|Any CPU
		{518AF9BB-FFA1-443B-AC2E-6732E9DE915A}.Release|Any CPU.ActiveCfg = Release|Any CPU
		{518AF9BB-FFA1-443B-AC2E-6732E9DE915A}.Release|Any CPU.Build.0 = Release|Any CPU
		{2EB82741-A718-4373-AA2D-2414E5CFA05F}.Debug|Any CPU.ActiveCfg = Debug|Any CPU
		{2EB82741-A718-4373-AA2D-2414E5CFA05F}.Debug|Any CPU.Build.0 = Debug|Any CPU
		{2EB82741-A718-4373-AA2D-2414E5CFA05F}.Release|Any CPU.ActiveCfg = Release|Any CPU
		{2EB82741-A718-4373-AA2D-2414E5CFA05F}.Release|Any CPU.Build.0 = Release|Any CPU
	EndGlobalSection
	GlobalSection(SolutionProperties) = preSolution
		HideSolutionNode = FALSE
	EndGlobalSection
	GlobalSection(NestedProjects) = preSolution
		{D6847880-AF5A-4D50-8DC1-F4F3A3067AAA} = {7F7C0BEE-5AF8-49C0-9855-10BA99BC5A78}
		{54CC3D8D-AA75-471E-8EA6-D5393F8986AA} = {7F7C0BEE-5AF8-49C0-9855-10BA99BC5A78}
		{518AF9BB-FFA1-443B-AC2E-6732E9DE915A} = {36A61082-1A89-4492-BE74-528F755DAF4F}
		{2EB82741-A718-4373-AA2D-2414E5CFA05F} = {10151A71-F97C-40C3-9443-491BC2B02093}
	EndGlobalSection
	GlobalSection(ExtensibilityGlobals) = postSolution
		SolutionGuid = {E49E39D3-FCD8-48DA-9BFC-785CC5168A57}
	EndGlobalSection
EndGlobal
