
Microsoft Visual Studio Solution File, Format Version 12.00
# Visual Studio Version 17
VisualStudioVersion = 17.1.31911.260
MinimumVisualStudioVersion = 10.0.40219.1
Project("{9A19103F-16F7-4668-BE54-9A1E7A4F7556}") = "MySecretsApp", "MySecretsApp\MySecretsApp.csproj", "{58750639-BB59-4069-85F1-CE2035F31B8A}"
EndProject
Project("{FAE04EC0-301F-11D3-BF4B-00C04F79EFBC}") = "MySecretsApp.UnitTests", "..\MySecretsApp.UnitTests\MySecretsApp.UnitTests.csproj", "{51E74999-40D5-4902-A7A2-FA8052A2EB15}"
EndProject
Global
	GlobalSection(SolutionConfigurationPlatforms) = preSolution
		Debug|Any CPU = Debug|Any CPU
		Release|Any CPU = Release|Any CPU
	EndGlobalSection
	GlobalSection(ProjectConfigurationPlatforms) = postSolution
		{58750639-BB59-4069-85F1-CE2035F31B8A}.Debug|Any CPU.ActiveCfg = Debug|Any CPU
		{58750639-BB59-4069-85F1-CE2035F31B8A}.Debug|Any CPU.Build.0 = Debug|Any CPU
		{58750639-BB59-4069-85F1-CE2035F31B8A}.Release|Any CPU.ActiveCfg = Release|Any CPU
		{58750639-BB59-4069-85F1-CE2035F31B8A}.Release|Any CPU.Build.0 = Release|Any CPU
		{51E74999-40D5-4902-A7A2-FA8052A2EB15}.Debug|Any CPU.ActiveCfg = Debug|Any CPU
		{51E74999-40D5-4902-A7A2-FA8052A2EB15}.Debug|Any CPU.Build.0 = Debug|Any CPU
		{51E74999-40D5-4902-A7A2-FA8052A2EB15}.Release|Any CPU.ActiveCfg = Release|Any CPU
		{51E74999-40D5-4902-A7A2-FA8052A2EB15}.Release|Any CPU.Build.0 = Release|Any CPU
	EndGlobalSection
	GlobalSection(SolutionProperties) = preSolution
		HideSolutionNode = FALSE
	EndGlobalSection
	GlobalSection(ExtensibilityGlobals) = postSolution
		SolutionGuid = {10E775F0-A64D-4E83-88BA-58803A70A4A8}
	EndGlobalSection
EndGlobal
