
Microsoft Visual Studio Solution File, Format Version 12.00
# Visual Studio Version 16
VisualStudioVersion = 16.0.30907.101
MinimumVisualStudioVersion = 10.0.40219.1
Project("{9A19103F-16F7-4668-BE54-9A1E7A4F7556}") = "SearchEngine", "SearchEngine\SearchEngine.csproj", "{BA2C45D9-4FAB-4E0C-B33A-7B0B4062B605}"
EndProject
Project("{2150E333-8FDC-42A3-9474-1A3956D46DE8}") = "Data", "Data", "{E29F20CE-FFE2-4683-9FB0-F59D66840733}"
EndProject
Project("{9A19103F-16F7-4668-BE54-9A1E7A4F7556}") = "SearchEngine.Api", "SearchEngine.Api\SearchEngine.Api.csproj", "{9D13F92E-448F-4034-99A0-F55C2B89BDF5}"
EndProject
Project("{FAE04EC0-301F-11D3-BF4B-00C04F79EFBC}") = "SearchEngine.Web", "SearchEngine.Web\SearchEngine.Web.csproj", "{2F9E28FE-5AE6-4398-BACE-16773E1FB125}"
EndProject
Project("{2150E333-8FDC-42A3-9474-1A3956D46DE8}") = "Task1", "Task1", "{6B18D8A1-7A86-414A-874A-B4A04FB2189D}"
EndProject
Project("{2150E333-8FDC-42A3-9474-1A3956D46DE8}") = "Task2", "Task2", "{516BF15F-8E75-4771-B9B4-4C3743B68E92}"
EndProject
Project("{FAE04EC0-301F-11D3-BF4B-00C04F79EFBC}") = "SE1-done", "SE1-done\SE1-done.csproj", "{2CEEA550-6AFD-45B3-820F-B8DA57ECD1AE}"
EndProject
Project("{FAE04EC0-301F-11D3-BF4B-00C04F79EFBC}") = "SE1", "SE1\SE1.csproj", "{F24274C9-4C62-47CA-89C9-8DFACDB3846A}"
EndProject
Project("{2150E333-8FDC-42A3-9474-1A3956D46DE8}") = "Task3n4", "Task3n4", "{BEC728DA-1D6B-4BAC-99ED-B6E63C8BD5F9}"
EndProject
Project("{FAE04EC0-301F-11D3-BF4B-00C04F79EFBC}") = "SE2-done", "SE2-done\SE2-done.csproj", "{310D519C-DDE6-4837-9D04-7DF03EF34332}"
EndProject
Project("{FAE04EC0-301F-11D3-BF4B-00C04F79EFBC}") = "SE2", "SE2\SE2.csproj", "{3222EE75-7709-422B-9DF8-16228CB852A8}"
EndProject
Project("{FAE04EC0-301F-11D3-BF4B-00C04F79EFBC}") = "SE3-done", "SE3-done\SE3-done.csproj", "{638E3DE1-F94A-45A9-838A-DC5E53599A9D}"
EndProject
Global
	GlobalSection(SolutionConfigurationPlatforms) = preSolution
		Debug|Any CPU = Debug|Any CPU
		Release|Any CPU = Release|Any CPU
	EndGlobalSection
	GlobalSection(ProjectConfigurationPlatforms) = postSolution
		{BA2C45D9-4FAB-4E0C-B33A-7B0B4062B605}.Debug|Any CPU.ActiveCfg = Debug|Any CPU
		{BA2C45D9-4FAB-4E0C-B33A-7B0B4062B605}.Debug|Any CPU.Build.0 = Debug|Any CPU
		{BA2C45D9-4FAB-4E0C-B33A-7B0B4062B605}.Release|Any CPU.ActiveCfg = Release|Any CPU
		{BA2C45D9-4FAB-4E0C-B33A-7B0B4062B605}.Release|Any CPU.Build.0 = Release|Any CPU
		{9D13F92E-448F-4034-99A0-F55C2B89BDF5}.Debug|Any CPU.ActiveCfg = Debug|Any CPU
		{9D13F92E-448F-4034-99A0-F55C2B89BDF5}.Debug|Any CPU.Build.0 = Debug|Any CPU
		{9D13F92E-448F-4034-99A0-F55C2B89BDF5}.Release|Any CPU.ActiveCfg = Release|Any CPU
		{9D13F92E-448F-4034-99A0-F55C2B89BDF5}.Release|Any CPU.Build.0 = Release|Any CPU
		{2F9E28FE-5AE6-4398-BACE-16773E1FB125}.Debug|Any CPU.ActiveCfg = Debug|Any CPU
		{2F9E28FE-5AE6-4398-BACE-16773E1FB125}.Debug|Any CPU.Build.0 = Debug|Any CPU
		{2F9E28FE-5AE6-4398-BACE-16773E1FB125}.Release|Any CPU.ActiveCfg = Release|Any CPU
		{2F9E28FE-5AE6-4398-BACE-16773E1FB125}.Release|Any CPU.Build.0 = Release|Any CPU
		{2CEEA550-6AFD-45B3-820F-B8DA57ECD1AE}.Debug|Any CPU.ActiveCfg = Debug|Any CPU
		{2CEEA550-6AFD-45B3-820F-B8DA57ECD1AE}.Debug|Any CPU.Build.0 = Debug|Any CPU
		{2CEEA550-6AFD-45B3-820F-B8DA57ECD1AE}.Release|Any CPU.ActiveCfg = Release|Any CPU
		{2CEEA550-6AFD-45B3-820F-B8DA57ECD1AE}.Release|Any CPU.Build.0 = Release|Any CPU
		{F24274C9-4C62-47CA-89C9-8DFACDB3846A}.Debug|Any CPU.ActiveCfg = Debug|Any CPU
		{F24274C9-4C62-47CA-89C9-8DFACDB3846A}.Debug|Any CPU.Build.0 = Debug|Any CPU
		{F24274C9-4C62-47CA-89C9-8DFACDB3846A}.Release|Any CPU.ActiveCfg = Release|Any CPU
		{F24274C9-4C62-47CA-89C9-8DFACDB3846A}.Release|Any CPU.Build.0 = Release|Any CPU
		{310D519C-DDE6-4837-9D04-7DF03EF34332}.Debug|Any CPU.ActiveCfg = Debug|Any CPU
		{310D519C-DDE6-4837-9D04-7DF03EF34332}.Debug|Any CPU.Build.0 = Debug|Any CPU
		{310D519C-DDE6-4837-9D04-7DF03EF34332}.Release|Any CPU.ActiveCfg = Release|Any CPU
		{310D519C-DDE6-4837-9D04-7DF03EF34332}.Release|Any CPU.Build.0 = Release|Any CPU
		{3222EE75-7709-422B-9DF8-16228CB852A8}.Debug|Any CPU.ActiveCfg = Debug|Any CPU
		{3222EE75-7709-422B-9DF8-16228CB852A8}.Debug|Any CPU.Build.0 = Debug|Any CPU
		{3222EE75-7709-422B-9DF8-16228CB852A8}.Release|Any CPU.ActiveCfg = Release|Any CPU
		{3222EE75-7709-422B-9DF8-16228CB852A8}.Release|Any CPU.Build.0 = Release|Any CPU
		{638E3DE1-F94A-45A9-838A-DC5E53599A9D}.Debug|Any CPU.ActiveCfg = Debug|Any CPU
		{638E3DE1-F94A-45A9-838A-DC5E53599A9D}.Debug|Any CPU.Build.0 = Debug|Any CPU
		{638E3DE1-F94A-45A9-838A-DC5E53599A9D}.Release|Any CPU.ActiveCfg = Release|Any CPU
		{638E3DE1-F94A-45A9-838A-DC5E53599A9D}.Release|Any CPU.Build.0 = Release|Any CPU
		{66CF4A63-6F13-4C8A-A074-08729E48D439}.Debug|Any CPU.ActiveCfg = Debug|Any CPU
		{66CF4A63-6F13-4C8A-A074-08729E48D439}.Debug|Any CPU.Build.0 = Debug|Any CPU
		{66CF4A63-6F13-4C8A-A074-08729E48D439}.Release|Any CPU.ActiveCfg = Release|Any CPU
		{66CF4A63-6F13-4C8A-A074-08729E48D439}.Release|Any CPU.Build.0 = Release|Any CPU
	EndGlobalSection
	GlobalSection(SolutionProperties) = preSolution
		HideSolutionNode = FALSE
	EndGlobalSection
	GlobalSection(NestedProjects) = preSolution
		{2CEEA550-6AFD-45B3-820F-B8DA57ECD1AE} = {6B18D8A1-7A86-414A-874A-B4A04FB2189D}
		{F24274C9-4C62-47CA-89C9-8DFACDB3846A} = {6B18D8A1-7A86-414A-874A-B4A04FB2189D}
		{310D519C-DDE6-4837-9D04-7DF03EF34332} = {516BF15F-8E75-4771-B9B4-4C3743B68E92}
		{3222EE75-7709-422B-9DF8-16228CB852A8} = {516BF15F-8E75-4771-B9B4-4C3743B68E92}
		{638E3DE1-F94A-45A9-838A-DC5E53599A9D} = {BEC728DA-1D6B-4BAC-99ED-B6E63C8BD5F9}
	EndGlobalSection
	GlobalSection(ExtensibilityGlobals) = postSolution
		SolutionGuid = {FB65977C-D68E-4637-943C-F08C8B057DC4}
	EndGlobalSection
EndGlobal
