
Microsoft Visual Studio Solution File, Format Version 12.00
# Visual Studio Version 17
VisualStudioVersion = 17.0.32014.148
MinimumVisualStudioVersion = 10.0.40219.1
Project("{FAE04EC0-301F-11D3-BF4B-00C04F79EFBC}") = "CertificateAuthentication", "CertificateAuthentication\CertificateAuthentication.csproj", "{58AC1DFC-0034-4ACE-8842-DD1128E3A71C}"
EndProject
Global
	GlobalSection(SolutionConfigurationPlatforms) = preSolution
		Debug|Any CPU = Debug|Any CPU
		Release|Any CPU = Release|Any CPU
	EndGlobalSection
	GlobalSection(ProjectConfigurationPlatforms) = postSolution
		{58AC1DFC-0034-4ACE-8842-DD1128E3A71C}.Debug|Any CPU.ActiveCfg = Debug|Any CPU
		{58AC1DFC-0034-4ACE-8842-DD1128E3A71C}.Debug|Any CPU.Build.0 = Debug|Any CPU
		{58AC1DFC-0034-4ACE-8842-DD1128E3A71C}.Release|Any CPU.ActiveCfg = Release|Any CPU
		{58AC1DFC-0034-4ACE-8842-DD1128E3A71C}.Release|Any CPU.Build.0 = Release|Any CPU
	EndGlobalSection
	GlobalSection(SolutionProperties) = preSolution
		HideSolutionNode = FALSE
	EndGlobalSection
	GlobalSection(ExtensibilityGlobals) = postSolution
		SolutionGuid = {943F9566-D3B1-4A10-B265-4D9FA27250DF}
	EndGlobalSection
EndGlobal
